{
  "originHash" : "855f1d1c7a02f30094b2f3636d62324cf1f9bced4af11269cb0f7b17812afefc",
  "pins" : [
    {
      "identity" : "codescanner",
      "kind" : "remoteSourceControl",
      "location" : "https://github.com/brentamersbach/CodeScanner",
      "state" : {
        "branch" : "main",
        "revision" : "48ca3d7163282635e84901543bc1abebc2c5ee7b"
      }
    }
  ],
  "version" : 3
}
